
Microsoft Visual Studio Solution File, Format Version 12.00
# Visual Studio Version 17
VisualStudioVersion = 17.0.31903.59
MinimumVisualStudioVersion = 10.0.40219.1
Project("{2150E333-8FDC-42A3-9474-1A3956D46DE8}") = "src", "src", "{827E0CD3-B72D-47B6-A68D-7590B98EB39B}"
EndProject
Project("{FAE04EC0-301F-11D3-BF4B-00C04F79EFBC}") = "DemoDataGenerator.App", "src\DemoDataGenerator.App\DemoDataGenerator.App.csproj", "{CE19C9AE-43AA-4B8B-91CD-4DF57A3D7A68}"
EndProject
Project("{FAE04EC0-301F-11D3-BF4B-00C04F79EFBC}") = "DemoDataGenerator.Data", "src\DemoDataGenerator.Data\DemoDataGenerator.Data.csproj", "{C451D1E7-BB1D-41EC-806C-A61C3609DD17}"
EndProject
Project("{2150E333-8FDC-42A3-9474-1A3956D46DE8}") = "tests", "tests", "{0AB3BF05-4346-4AA6-1389-037BE0695223}"
EndProject
Project("{FAE04EC0-301F-11D3-BF4B-00C04F79EFBC}") = "DemoDataGenerator.UnitTests", "tests\DemoDataGenerator.UnitTests\DemoDataGenerator.UnitTests.csproj", "{91A9C47B-54F0-4763-BF03-8CFE080187DA}"
EndProject
Global
	GlobalSection(SolutionConfigurationPlatforms) = preSolution
		Debug|Any CPU = Debug|Any CPU
		Debug|x64 = Debug|x64
		Debug|x86 = Debug|x86
		Release|Any CPU = Release|Any CPU
		Release|x64 = Release|x64
		Release|x86 = Release|x86
	EndGlobalSection
	GlobalSection(ProjectConfigurationPlatforms) = postSolution
		{CE19C9AE-43AA-4B8B-91CD-4DF57A3D7A68}.Debug|Any CPU.ActiveCfg = Debug|Any CPU
		{CE19C9AE-43AA-4B8B-91CD-4DF57A3D7A68}.Debug|Any CPU.Build.0 = Debug|Any CPU
		{CE19C9AE-43AA-4B8B-91CD-4DF57A3D7A68}.Debug|x64.ActiveCfg = Debug|Any CPU
		{CE19C9AE-43AA-4B8B-91CD-4DF57A3D7A68}.Debug|x64.Build.0 = Debug|Any CPU
		{CE19C9AE-43AA-4B8B-91CD-4DF57A3D7A68}.Debug|x86.ActiveCfg = Debug|Any CPU
		{CE19C9AE-43AA-4B8B-91CD-4DF57A3D7A68}.Debug|x86.Build.0 = Debug|Any CPU
		{CE19C9AE-43AA-4B8B-91CD-4DF57A3D7A68}.Release|Any CPU.ActiveCfg = Release|Any CPU
		{CE19C9AE-43AA-4B8B-91CD-4DF57A3D7A68}.Release|Any CPU.Build.0 = Release|Any CPU
		{CE19C9AE-43AA-4B8B-91CD-4DF57A3D7A68}.Release|x64.ActiveCfg = Release|Any CPU
		{CE19C9AE-43AA-4B8B-91CD-4DF57A3D7A68}.Release|x64.Build.0 = Release|Any CPU
		{CE19C9AE-43AA-4B8B-91CD-4DF57A3D7A68}.Release|x86.ActiveCfg = Release|Any CPU
		{CE19C9AE-43AA-4B8B-91CD-4DF57A3D7A68}.Release|x86.Build.0 = Release|Any CPU
		{C451D1E7-BB1D-41EC-806C-A61C3609DD17}.Debug|Any CPU.ActiveCfg = Debug|Any CPU
		{C451D1E7-BB1D-41EC-806C-A61C3609DD17}.Debug|Any CPU.Build.0 = Debug|Any CPU
		{C451D1E7-BB1D-41EC-806C-A61C3609DD17}.Debug|x64.ActiveCfg = Debug|Any CPU
		{C451D1E7-BB1D-41EC-806C-A61C3609DD17}.Debug|x64.Build.0 = Debug|Any CPU
		{C451D1E7-BB1D-41EC-806C-A61C3609DD17}.Debug|x86.ActiveCfg = Debug|Any CPU
		{C451D1E7-BB1D-41EC-806C-A61C3609DD17}.Debug|x86.Build.0 = Debug|Any CPU
		{C451D1E7-BB1D-41EC-806C-A61C3609DD17}.Release|Any CPU.ActiveCfg = Release|Any CPU
		{C451D1E7-BB1D-41EC-806C-A61C3609DD17}.Release|Any CPU.Build.0 = Release|Any CPU
		{C451D1E7-BB1D-41EC-806C-A61C3609DD17}.Release|x64.ActiveCfg = Release|Any CPU
		{C451D1E7-BB1D-41EC-806C-A61C3609DD17}.Release|x64.Build.0 = Release|Any CPU
		{C451D1E7-BB1D-41EC-806C-A61C3609DD17}.Release|x86.ActiveCfg = Release|Any CPU
		{C451D1E7-BB1D-41EC-806C-A61C3609DD17}.Release|x86.Build.0 = Release|Any CPU
		{91A9C47B-54F0-4763-BF03-8CFE080187DA}.Debug|Any CPU.ActiveCfg = Debug|Any CPU
		{91A9C47B-54F0-4763-BF03-8CFE080187DA}.Debug|Any CPU.Build.0 = Debug|Any CPU
		{91A9C47B-54F0-4763-BF03-8CFE080187DA}.Debug|x64.ActiveCfg = Debug|Any CPU
		{91A9C47B-54F0-4763-BF03-8CFE080187DA}.Debug|x64.Build.0 = Debug|Any CPU
		{91A9C47B-54F0-4763-BF03-8CFE080187DA}.Debug|x86.ActiveCfg = Debug|Any CPU
		{91A9C47B-54F0-4763-BF03-8CFE080187DA}.Debug|x86.Build.0 = Debug|Any CPU
		{91A9C47B-54F0-4763-BF03-8CFE080187DA}.Release|Any CPU.ActiveCfg = Release|Any CPU
		{91A9C47B-54F0-4763-BF03-8CFE080187DA}.Release|Any CPU.Build.0 = Release|Any CPU
		{91A9C47B-54F0-4763-BF03-8CFE080187DA}.Release|x64.ActiveCfg = Release|Any CPU
		{91A9C47B-54F0-4763-BF03-8CFE080187DA}.Release|x64.Build.0 = Release|Any CPU
		{91A9C47B-54F0-4763-BF03-8CFE080187DA}.Release|x86.ActiveCfg = Release|Any CPU
		{91A9C47B-54F0-4763-BF03-8CFE080187DA}.Release|x86.Build.0 = Release|Any CPU
	EndGlobalSection
	GlobalSection(SolutionProperties) = preSolution
		HideSolutionNode = FALSE
	EndGlobalSection
	GlobalSection(NestedProjects) = preSolution
		{CE19C9AE-43AA-4B8B-91CD-4DF57A3D7A68} = {827E0CD3-B72D-47B6-A68D-7590B98EB39B}
		{C451D1E7-BB1D-41EC-806C-A61C3609DD17} = {827E0CD3-B72D-47B6-A68D-7590B98EB39B}
		{91A9C47B-54F0-4763-BF03-8CFE080187DA} = {0AB3BF05-4346-4AA6-1389-037BE0695223}
	EndGlobalSection
EndGlobal
